
Microsoft Visual Studio Solution File, Format Version 12.00
# Visual Studio 15
VisualStudioVersion = 15.0.27130.2010
MinimumVisualStudioVersion = 10.0.40219.1
Project("{FAE04EC0-301F-11D3-BF4B-00C04F79EFBC}") = "DeadAnts", "DeadAnts\DeadAnts.csproj", "{993B3292-4FEA-4144-90A6-8B126B5DC4E4}"
EndProject
Project("{FAE04EC0-301F-11D3-BF4B-00C04F79EFBC}") = "DeadAntsTests", "DeadAntsTests\DeadAntsTests.csproj", "{511B06E8-E956-4564-B7C4-5B7C25F7931E}"
EndProject
Global
	GlobalSection(SolutionConfigurationPlatforms) = preSolution
		Debug|Any CPU = Debug|Any CPU
		Release|Any CPU = Release|Any CPU
	EndGlobalSection
	GlobalSection(ProjectConfigurationPlatforms) = postSolution
		{993B3292-4FEA-4144-90A6-8B126B5DC4E4}.Debug|Any CPU.ActiveCfg = Debug|Any CPU
		{993B3292-4FEA-4144-90A6-8B126B5DC4E4}.Debug|Any CPU.Build.0 = Debug|Any CPU
		{993B3292-4FEA-4144-90A6-8B126B5DC4E4}.Release|Any CPU.ActiveCfg = Release|Any CPU
		{993B3292-4FEA-4144-90A6-8B126B5DC4E4}.Release|Any CPU.Build.0 = Release|Any CPU
		{511B06E8-E956-4564-B7C4-5B7C25F7931E}.Debug|Any CPU.ActiveCfg = Debug|Any CPU
		{511B06E8-E956-4564-B7C4-5B7C25F7931E}.Debug|Any CPU.Build.0 = Debug|Any CPU
		{511B06E8-E956-4564-B7C4-5B7C25F7931E}.Release|Any CPU.ActiveCfg = Release|Any CPU
		{511B06E8-E956-4564-B7C4-5B7C25F7931E}.Release|Any CPU.Build.0 = Release|Any CPU
	EndGlobalSection
	GlobalSection(SolutionProperties) = preSolution
		HideSolutionNode = FALSE
	EndGlobalSection
	GlobalSection(ExtensibilityGlobals) = postSolution
		SolutionGuid = {59E3E71D-978D-43D2-9CBE-C72FC3F40FA1}
	EndGlobalSection
EndGlobal
